Microsoft Visual Studio Solution File, Format Version 12.00
# Visual Studio Version 17
VisualStudioVersion = 17.5.2.0
MinimumVisualStudioVersion = 10.0.40219.1
Project("{FAE04EC0-301F-11D3-BF4B-00C04F79EFBC}") = "Asiemawebapp", "Asiemawebapp.csproj", "{1800C4CA-74BA-7D62-C074-823405F628D4}"
EndProject
Global
	GlobalSection(SolutionConfigurationPlatforms) = preSolution
		Debug|Any CPU = Debug|Any CPU
		Release|Any CPU = Release|Any CPU
	EndGlobalSection
	GlobalSection(ProjectConfigurationPlatforms) = postSolution
		{1800C4CA-74BA-7D62-C074-823405F628D4}.Debug|Any CPU.ActiveCfg = Debug|Any CPU
		{1800C4CA-74BA-7D62-C074-823405F628D4}.Debug|Any CPU.Build.0 = Debug|Any CPU
		{1800C4CA-74BA-7D62-C074-823405F628D4}.Release|Any CPU.ActiveCfg = Release|Any CPU
		{1800C4CA-74BA-7D62-C074-823405F628D4}.Release|Any CPU.Build.0 = Release|Any CPU
	EndGlobalSection
	GlobalSection(SolutionProperties) = preSolution
		HideSolutionNode = FALSE
	EndGlobalSection
	GlobalSection(ExtensibilityGlobals) = postSolution
		SolutionGuid = {CDD60EF8-98B7-47F8-83B1-2A0923E2F273}
	EndGlobalSection
EndGlobal
